
Microsoft Visual Studio Solution File, Format Version 12.00
# Visual Studio Version 16
VisualStudioVersion = 16.0.30011.22
MinimumVisualStudioVersion = 10.0.40219.1
Project("{888888A0-9F3D-457C-B088-3A5042F75D52}") = "LoginPage", "LoginPage.pyproj", "{5496252C-9AB9-49E8-A73D-426FC29C4021}"
EndProject
Global
	GlobalSection(SolutionConfigurationPlatforms) = preSolution
		Debug|Any CPU = Debug|Any CPU
		Release|Any CPU = Release|Any CPU
	EndGlobalSection
	GlobalSection(ProjectConfigurationPlatforms) = postSolution
		{5496252C-9AB9-49E8-A73D-426FC29C4021}.Debug|Any CPU.ActiveCfg = Debug|Any CPU
		{5496252C-9AB9-49E8-A73D-426FC29C4021}.Release|Any CPU.ActiveCfg = Release|Any CPU
	EndGlobalSection
	GlobalSection(SolutionProperties) = preSolution
		HideSolutionNode = FALSE
	EndGlobalSection
	GlobalSection(ExtensibilityGlobals) = postSolution
		SolutionGuid = {D001C136-09BE-420D-9086-1F615C22F1C7}
	EndGlobalSection
EndGlobal
